Microsoft Visual Studio Solution File, Format Version 12.00
# Visual Studio Version 17
VisualStudioVersion = 17.5.2.0
MinimumVisualStudioVersion = 10.0.40219.1
Project("{FAE04EC0-301F-11D3-BF4B-00C04F79EFBC}") = "LGSTrackingSystem.Services", "LGSTrackingSystem.Services.csproj", "{2066115D-823C-B1A0-2E1A-5F5387814DE0}"
EndProject
Global
	GlobalSection(SolutionConfigurationPlatforms) = preSolution
		Debug|Any CPU = Debug|Any CPU
		Release|Any CPU = Release|Any CPU
	EndGlobalSection
	GlobalSection(ProjectConfigurationPlatforms) = postSolution
		{2066115D-823C-B1A0-2E1A-5F5387814DE0}.Debug|Any CPU.ActiveCfg = Debug|Any CPU
		{2066115D-823C-B1A0-2E1A-5F5387814DE0}.Debug|Any CPU.Build.0 = Debug|Any CPU
		{2066115D-823C-B1A0-2E1A-5F5387814DE0}.Release|Any CPU.ActiveCfg = Release|Any CPU
		{2066115D-823C-B1A0-2E1A-5F5387814DE0}.Release|Any CPU.Build.0 = Release|Any CPU
	EndGlobalSection
	GlobalSection(SolutionProperties) = preSolution
		HideSolutionNode = FALSE
	EndGlobalSection
	GlobalSection(ExtensibilityGlobals) = postSolution
		SolutionGuid = {78350F66-550A-4FD1-AC9F-EEFDE919B3F0}
	EndGlobalSection
EndGlobal
