
Microsoft Visual Studio Solution File, Format Version 12.00
# Visual Studio Version 17
VisualStudioVersion = 17.12.35527.113 d17.12
MinimumVisualStudioVersion = 10.0.40219.1
Project("{FAE04EC0-301F-11D3-BF4B-00C04F79EFBC}") = "LGSTrackingSystem.UI", "LGSTrackingSystem.UI.csproj", "{375BC783-1EB5-4355-94C7-BEA6111AF16E}"
EndProject
Project("{FAE04EC0-301F-11D3-BF4B-00C04F79EFBC}") = "LGSTrackingSystem.Services", "..\LGSTrackingSystem.Services\LGSTrackingSystem.Services.csproj", "{327765C6-86B8-4A8D-9829-5299A870A870}"
EndProject
Project("{FAE04EC0-301F-11D3-BF4B-00C04F79EFBC}") = "LGSTrackingSystem.Repositories", "..\LGSTrackingSystem.Repositories\LGSTrackingSystem.Repositories.csproj", "{A73BB9C6-C3A9-484D-83A2-3E3BCF01DBFB}"
EndProject
Project("{FAE04EC0-301F-11D3-BF4B-00C04F79EFBC}") = "LGSTrackingSystem.Core", "..\LGSTrackingSystem.Core\LGSTrackingSystem.Core.csproj", "{06BEDDA4-9177-4796-93E5-5550D2BD1278}"
EndProject
Project("{FAE04EC0-301F-11D3-BF4B-00C04F79EFBC}") = "LGSTrackingSystem.Domain", "..\LGSTrackingSystem.Domain\LGSTrackingSystem.Domain.csproj", "{5821EB0E-9226-4ABE-8D5F-30B72B492EA7}"
EndProject
Global
	GlobalSection(SolutionConfigurationPlatforms) = preSolution
		Debug|Any CPU = Debug|Any CPU
		Release|Any CPU = Release|Any CPU
	EndGlobalSection
	GlobalSection(ProjectConfigurationPlatforms) = postSolution
		{375BC783-1EB5-4355-94C7-BEA6111AF16E}.Debug|Any CPU.ActiveCfg = Debug|Any CPU
		{375BC783-1EB5-4355-94C7-BEA6111AF16E}.Debug|Any CPU.Build.0 = Debug|Any CPU
		{375BC783-1EB5-4355-94C7-BEA6111AF16E}.Release|Any CPU.ActiveCfg = Release|Any CPU
		{375BC783-1EB5-4355-94C7-BEA6111AF16E}.Release|Any CPU.Build.0 = Release|Any CPU
		{327765C6-86B8-4A8D-9829-5299A870A870}.Debug|Any CPU.ActiveCfg = Debug|Any CPU
		{327765C6-86B8-4A8D-9829-5299A870A870}.Debug|Any CPU.Build.0 = Debug|Any CPU
		{327765C6-86B8-4A8D-9829-5299A870A870}.Release|Any CPU.ActiveCfg = Release|Any CPU
		{327765C6-86B8-4A8D-9829-5299A870A870}.Release|Any CPU.Build.0 = Release|Any CPU
		{A73BB9C6-C3A9-484D-83A2-3E3BCF01DBFB}.Debug|Any CPU.ActiveCfg = Debug|Any CPU
		{A73BB9C6-C3A9-484D-83A2-3E3BCF01DBFB}.Debug|Any CPU.Build.0 = Debug|Any CPU
		{A73BB9C6-C3A9-484D-83A2-3E3BCF01DBFB}.Release|Any CPU.ActiveCfg = Release|Any CPU
		{A73BB9C6-C3A9-484D-83A2-3E3BCF01DBFB}.Release|Any CPU.Build.0 = Release|Any CPU
		{06BEDDA4-9177-4796-93E5-5550D2BD1278}.Debug|Any CPU.ActiveCfg = Debug|Any CPU
		{06BEDDA4-9177-4796-93E5-5550D2BD1278}.Debug|Any CPU.Build.0 = Debug|Any CPU
		{06BEDDA4-9177-4796-93E5-5550D2BD1278}.Release|Any CPU.ActiveCfg = Release|Any CPU
		{06BEDDA4-9177-4796-93E5-5550D2BD1278}.Release|Any CPU.Build.0 = Release|Any CPU
		{5821EB0E-9226-4ABE-8D5F-30B72B492EA7}.Debug|Any CPU.ActiveCfg = Debug|Any CPU
		{5821EB0E-9226-4ABE-8D5F-30B72B492EA7}.Debug|Any CPU.Build.0 = Debug|Any CPU
		{5821EB0E-9226-4ABE-8D5F-30B72B492EA7}.Release|Any CPU.ActiveCfg = Release|Any CPU
		{5821EB0E-9226-4ABE-8D5F-30B72B492EA7}.Release|Any CPU.Build.0 = Release|Any CPU
	EndGlobalSection
	GlobalSection(SolutionProperties) = preSolution
		HideSolutionNode = FALSE
	EndGlobalSection
EndGlobal
